
Microsoft Visual Studio Solution File, Format Version 12.00
# Visual Studio 14
VisualStudioVersion = 14.0.25420.1
MinimumVisualStudioVersion = 10.0.40219.1
Project("{2150E333-8FDC-42A3-9474-1A3956D46DE8}") = "BLL", "BLL", "{FACB5CA2-43B5-4BEB-A693-B34FC6E18095}"
EndProject
Project("{2150E333-8FDC-42A3-9474-1A3956D46DE8}") = "DAL", "DAL", "{EB212375-41C3-4B1D-87F6-1EC561872AD2}"
EndProject
Project("{FAE04EC0-301F-11D3-BF4B-00C04F79EFBC}") = "AECEM.BLL", "AECEM.BLL\AECEM.BLL.csproj", "{4E8BDE72-082C-4418-B547-977C6CE1931B}"
EndProject
Project("{FAE04EC0-301F-11D3-BF4B-00C04F79EFBC}") = "AECEM.IBLL", "AECEM.IBLL\AECEM.IBLL.csproj", "{56A4BA3B-15FA-4061-BAFA-AB8B3B70D8BB}"
EndProject
Project("{FAE04EC0-301F-11D3-BF4B-00C04F79EFBC}") = "AECEM.BLLContainer", "AECEM.BLLContainer\AECEM.BLLContainer.csproj", "{4AA50564-910E-4149-BEDC-BD513F57CEDA}"
EndProject
Project("{FAE04EC0-301F-11D3-BF4B-00C04F79EFBC}") = "AECEM.DAL", "AECEM.DAL\AECEM.DAL.csproj", "{4F01DF0E-8D53-40CC-A50A-91A0E7C83656}"
EndProject
Project("{FAE04EC0-301F-11D3-BF4B-00C04F79EFBC}") = "AECEM.IDAL", "AECEM.IDAL\AECEM.IDAL.csproj", "{43EB4994-67F1-4011-805C-B03F538E7192}"
EndProject
Project("{FAE04EC0-301F-11D3-BF4B-00C04F79EFBC}") = "AECEM.DALContainer", "AECEM.DALContainer\AECEM.DALContainer.csproj", "{B6C367F3-362E-43CE-B1CC-CDFBF41E7B33}"
EndProject
Project("{2150E333-8FDC-42A3-9474-1A3956D46DE8}") = "PLL", "PLL", "{CF7516DF-5FFF-40DA-B4DA-E2171B4C8FE6}"
EndProject
Project("{FAE04EC0-301F-11D3-BF4B-00C04F79EFBC}") = "AECEM.DALEntity", "AECEM.DALEntity\AECEM.DALEntity.csproj", "{4CF7E139-1F21-4EB9-81D2-63E400B898F5}"
EndProject
Project("{FAE04EC0-301F-11D3-BF4B-00C04F79EFBC}") = "AECEM.Web", "AECEM.Web\AECEM.Web.csproj", "{90C406ED-5DBE-4C20-8E2A-82E063025660}"
EndProject
Project("{FAE04EC0-301F-11D3-BF4B-00C04F79EFBC}") = "Test", "Test\Test.csproj", "{5FA7B6B1-51F6-4AE2-8C20-B1BACC474AFB}"
EndProject
Global
	GlobalSection(SolutionConfigurationPlatforms) = preSolution
		Debug|Any CPU = Debug|Any CPU
		Release|Any CPU = Release|Any CPU
	EndGlobalSection
	GlobalSection(ProjectConfigurationPlatforms) = postSolution
		{4E8BDE72-082C-4418-B547-977C6CE1931B}.Debug|Any CPU.ActiveCfg = Debug|Any CPU
		{4E8BDE72-082C-4418-B547-977C6CE1931B}.Debug|Any CPU.Build.0 = Debug|Any CPU
		{4E8BDE72-082C-4418-B547-977C6CE1931B}.Release|Any CPU.ActiveCfg = Release|Any CPU
		{4E8BDE72-082C-4418-B547-977C6CE1931B}.Release|Any CPU.Build.0 = Release|Any CPU
		{56A4BA3B-15FA-4061-BAFA-AB8B3B70D8BB}.Debug|Any CPU.ActiveCfg = Debug|Any CPU
		{56A4BA3B-15FA-4061-BAFA-AB8B3B70D8BB}.Debug|Any CPU.Build.0 = Debug|Any CPU
		{56A4BA3B-15FA-4061-BAFA-AB8B3B70D8BB}.Release|Any CPU.ActiveCfg = Release|Any CPU
		{56A4BA3B-15FA-4061-BAFA-AB8B3B70D8BB}.Release|Any CPU.Build.0 = Release|Any CPU
		{4AA50564-910E-4149-BEDC-BD513F57CEDA}.Debug|Any CPU.ActiveCfg = Debug|Any CPU
		{4AA50564-910E-4149-BEDC-BD513F57CEDA}.Debug|Any CPU.Build.0 = Debug|Any CPU
		{4AA50564-910E-4149-BEDC-BD513F57CEDA}.Release|Any CPU.ActiveCfg = Release|Any CPU
		{4AA50564-910E-4149-BEDC-BD513F57CEDA}.Release|Any CPU.Build.0 = Release|Any CPU
		{4F01DF0E-8D53-40CC-A50A-91A0E7C83656}.Debug|Any CPU.ActiveCfg = Debug|Any CPU
		{4F01DF0E-8D53-40CC-A50A-91A0E7C83656}.Debug|Any CPU.Build.0 = Debug|Any CPU
		{4F01DF0E-8D53-40CC-A50A-91A0E7C83656}.Release|Any CPU.ActiveCfg = Release|Any CPU
		{4F01DF0E-8D53-40CC-A50A-91A0E7C83656}.Release|Any CPU.Build.0 = Release|Any CPU
		{43EB4994-67F1-4011-805C-B03F538E7192}.Debug|Any CPU.ActiveCfg = Debug|Any CPU
		{43EB4994-67F1-4011-805C-B03F538E7192}.Debug|Any CPU.Build.0 = Debug|Any CPU
		{43EB4994-67F1-4011-805C-B03F538E7192}.Release|Any CPU.ActiveCfg = Release|Any CPU
		{43EB4994-67F1-4011-805C-B03F538E7192}.Release|Any CPU.Build.0 = Release|Any CPU
		{B6C367F3-362E-43CE-B1CC-CDFBF41E7B33}.Debug|Any CPU.ActiveCfg = Debug|Any CPU
		{B6C367F3-362E-43CE-B1CC-CDFBF41E7B33}.Debug|Any CPU.Build.0 = Debug|Any CPU
		{B6C367F3-362E-43CE-B1CC-CDFBF41E7B33}.Release|Any CPU.ActiveCfg = Release|Any CPU
		{B6C367F3-362E-43CE-B1CC-CDFBF41E7B33}.Release|Any CPU.Build.0 = Release|Any CPU
		{4CF7E139-1F21-4EB9-81D2-63E400B898F5}.Debug|Any CPU.ActiveCfg = Debug|Any CPU
		{4CF7E139-1F21-4EB9-81D2-63E400B898F5}.Debug|Any CPU.Build.0 = Debug|Any CPU
		{4CF7E139-1F21-4EB9-81D2-63E400B898F5}.Release|Any CPU.ActiveCfg = Release|Any CPU
		{4CF7E139-1F21-4EB9-81D2-63E400B898F5}.Release|Any CPU.Build.0 = Release|Any CPU
		{90C406ED-5DBE-4C20-8E2A-82E063025660}.Debug|Any CPU.ActiveCfg = Debug|Any CPU
		{90C406ED-5DBE-4C20-8E2A-82E063025660}.Debug|Any CPU.Build.0 = Debug|Any CPU
		{90C406ED-5DBE-4C20-8E2A-82E063025660}.Release|Any CPU.ActiveCfg = Release|Any CPU
		{90C406ED-5DBE-4C20-8E2A-82E063025660}.Release|Any CPU.Build.0 = Release|Any CPU
		{5FA7B6B1-51F6-4AE2-8C20-B1BACC474AFB}.Debug|Any CPU.ActiveCfg = Debug|Any CPU
		{5FA7B6B1-51F6-4AE2-8C20-B1BACC474AFB}.Debug|Any CPU.Build.0 = Debug|Any CPU
		{5FA7B6B1-51F6-4AE2-8C20-B1BACC474AFB}.Release|Any CPU.ActiveCfg = Release|Any CPU
		{5FA7B6B1-51F6-4AE2-8C20-B1BACC474AFB}.Release|Any CPU.Build.0 = Release|Any CPU
	EndGlobalSection
	GlobalSection(SolutionProperties) = preSolution
		HideSolutionNode = FALSE
	EndGlobalSection
	GlobalSection(NestedProjects) = preSolution
		{4E8BDE72-082C-4418-B547-977C6CE1931B} = {FACB5CA2-43B5-4BEB-A693-B34FC6E18095}
		{56A4BA3B-15FA-4061-BAFA-AB8B3B70D8BB} = {FACB5CA2-43B5-4BEB-A693-B34FC6E18095}
		{4AA50564-910E-4149-BEDC-BD513F57CEDA} = {FACB5CA2-43B5-4BEB-A693-B34FC6E18095}
		{4F01DF0E-8D53-40CC-A50A-91A0E7C83656} = {EB212375-41C3-4B1D-87F6-1EC561872AD2}
		{43EB4994-67F1-4011-805C-B03F538E7192} = {EB212375-41C3-4B1D-87F6-1EC561872AD2}
		{B6C367F3-362E-43CE-B1CC-CDFBF41E7B33} = {EB212375-41C3-4B1D-87F6-1EC561872AD2}
		{4CF7E139-1F21-4EB9-81D2-63E400B898F5} = {EB212375-41C3-4B1D-87F6-1EC561872AD2}
		{90C406ED-5DBE-4C20-8E2A-82E063025660} = {CF7516DF-5FFF-40DA-B4DA-E2171B4C8FE6}
		{5FA7B6B1-51F6-4AE2-8C20-B1BACC474AFB} = {CF7516DF-5FFF-40DA-B4DA-E2171B4C8FE6}
	EndGlobalSection
EndGlobal
